
Microsoft Visual Studio Solution File, Format Version 12.00
Project("{F2A71F9B-5D33-465A-A702-920D77279786}") = "Day1", "Day1\Day1.fsproj", "{7375231C-C235-4348-A862-82314D4F16DD}"
EndProject
Project("{F2A71F9B-5D33-465A-A702-920D77279786}") = "Tests", "Tests\Tests.fsproj", "{3948872F-C20F-419A-A768-9AE18FC9FBA2}"
EndProject
Project("{F2A71F9B-5D33-465A-A702-920D77279786}") = "Day2", "Day2\Day2.fsproj", "{3D66B45B-51C7-47B9-BD79-F9CDB79974E1}"
EndProject
Project("{F2A71F9B-5D33-465A-A702-920D77279786}") = "Day4", "Day4\Day4.fsproj", "{8CE3F4C5-75D5-4696-9537-ED99B5E058ED}"
EndProject
Project("{F2A71F9B-5D33-465A-A702-920D77279786}") = "Day6", "Day6\Day6.fsproj", "{01BAA208-0C36-4D38-B4C2-117588966959}"
EndProject
Project("{F2A71F9B-5D33-465A-A702-920D77279786}") = "Day8", "Day8\Day8.fsproj", "{FC5381F9-C5C6-4DEA-9359-D4FC80645F73}"
EndProject
Project("{F2A71F9B-5D33-465A-A702-920D77279786}") = "Day9", "Day9\Day9.fsproj", "{9698E963-E189-4A00-9933-FA746507FF91}"
EndProject
Project("{F2A71F9B-5D33-465A-A702-920D77279786}") = "Day5", "Day5\Day5.fsproj", "{3F321749-689C-438D-817A-4719D314C230}"
EndProject
Global
	GlobalSection(SolutionConfigurationPlatforms) = preSolution
		Debug|Any CPU = Debug|Any CPU
		Release|Any CPU = Release|Any CPU
	EndGlobalSection
	GlobalSection(ProjectConfigurationPlatforms) = postSolution
		{7375231C-C235-4348-A862-82314D4F16DD}.Debug|Any CPU.ActiveCfg = Debug|Any CPU
		{7375231C-C235-4348-A862-82314D4F16DD}.Debug|Any CPU.Build.0 = Debug|Any CPU
		{7375231C-C235-4348-A862-82314D4F16DD}.Release|Any CPU.ActiveCfg = Release|Any CPU
		{7375231C-C235-4348-A862-82314D4F16DD}.Release|Any CPU.Build.0 = Release|Any CPU
		{3948872F-C20F-419A-A768-9AE18FC9FBA2}.Debug|Any CPU.ActiveCfg = Debug|Any CPU
		{3948872F-C20F-419A-A768-9AE18FC9FBA2}.Debug|Any CPU.Build.0 = Debug|Any CPU
		{3948872F-C20F-419A-A768-9AE18FC9FBA2}.Release|Any CPU.ActiveCfg = Release|Any CPU
		{3948872F-C20F-419A-A768-9AE18FC9FBA2}.Release|Any CPU.Build.0 = Release|Any CPU
		{3D66B45B-51C7-47B9-BD79-F9CDB79974E1}.Debug|Any CPU.ActiveCfg = Debug|Any CPU
		{3D66B45B-51C7-47B9-BD79-F9CDB79974E1}.Debug|Any CPU.Build.0 = Debug|Any CPU
		{3D66B45B-51C7-47B9-BD79-F9CDB79974E1}.Release|Any CPU.ActiveCfg = Release|Any CPU
		{3D66B45B-51C7-47B9-BD79-F9CDB79974E1}.Release|Any CPU.Build.0 = Release|Any CPU
		{8CE3F4C5-75D5-4696-9537-ED99B5E058ED}.Debug|Any CPU.ActiveCfg = Debug|Any CPU
		{8CE3F4C5-75D5-4696-9537-ED99B5E058ED}.Debug|Any CPU.Build.0 = Debug|Any CPU
		{8CE3F4C5-75D5-4696-9537-ED99B5E058ED}.Release|Any CPU.ActiveCfg = Release|Any CPU
		{8CE3F4C5-75D5-4696-9537-ED99B5E058ED}.Release|Any CPU.Build.0 = Release|Any CPU
		{01BAA208-0C36-4D38-B4C2-117588966959}.Debug|Any CPU.ActiveCfg = Debug|Any CPU
		{01BAA208-0C36-4D38-B4C2-117588966959}.Debug|Any CPU.Build.0 = Debug|Any CPU
		{01BAA208-0C36-4D38-B4C2-117588966959}.Release|Any CPU.ActiveCfg = Release|Any CPU
		{01BAA208-0C36-4D38-B4C2-117588966959}.Release|Any CPU.Build.0 = Release|Any CPU
		{FC5381F9-C5C6-4DEA-9359-D4FC80645F73}.Debug|Any CPU.ActiveCfg = Debug|Any CPU
		{FC5381F9-C5C6-4DEA-9359-D4FC80645F73}.Debug|Any CPU.Build.0 = Debug|Any CPU
		{FC5381F9-C5C6-4DEA-9359-D4FC80645F73}.Release|Any CPU.ActiveCfg = Release|Any CPU
		{FC5381F9-C5C6-4DEA-9359-D4FC80645F73}.Release|Any CPU.Build.0 = Release|Any CPU
		{9698E963-E189-4A00-9933-FA746507FF91}.Debug|Any CPU.ActiveCfg = Debug|Any CPU
		{9698E963-E189-4A00-9933-FA746507FF91}.Debug|Any CPU.Build.0 = Debug|Any CPU
		{9698E963-E189-4A00-9933-FA746507FF91}.Release|Any CPU.ActiveCfg = Release|Any CPU
		{9698E963-E189-4A00-9933-FA746507FF91}.Release|Any CPU.Build.0 = Release|Any CPU
		{3F321749-689C-438D-817A-4719D314C230}.Debug|Any CPU.ActiveCfg = Debug|Any CPU
		{3F321749-689C-438D-817A-4719D314C230}.Debug|Any CPU.Build.0 = Debug|Any CPU
		{3F321749-689C-438D-817A-4719D314C230}.Release|Any CPU.ActiveCfg = Release|Any CPU
		{3F321749-689C-438D-817A-4719D314C230}.Release|Any CPU.Build.0 = Release|Any CPU
	EndGlobalSection
EndGlobal
